
Microsoft Visual Studio Solution File, Format Version 12.00
# Visual Studio Version 17
VisualStudioVersion = 17.1.32328.378
MinimumVisualStudioVersion = 10.0.40219.1
Project("{8BC9CEB8-8B4A-11D0-8D11-00A0C91BC942}") = "OOP Two", "OOP Two\OOP Two.vcxproj", "{53C0CD36-AEF4-4E89-9605-E9CF93DC7D9D}"
EndProject
Global
	GlobalSection(SolutionConfigurationPlatforms) = preSolution
		Debug|x64 = Debug|x64
		Debug|x86 = Debug|x86
		Release|x64 = Release|x64
		Release|x86 = Release|x86
	EndGlobalSection
	GlobalSection(ProjectConfigurationPlatforms) = postSolution
		{53C0CD36-AEF4-4E89-9605-E9CF93DC7D9D}.Debug|x64.ActiveCfg = Debug|x64
		{53C0CD36-AEF4-4E89-9605-E9CF93DC7D9D}.Debug|x64.Build.0 = Debug|x64
		{53C0CD36-AEF4-4E89-9605-E9CF93DC7D9D}.Debug|x86.ActiveCfg = Debug|Win32
		{53C0CD36-AEF4-4E89-9605-E9CF93DC7D9D}.Debug|x86.Build.0 = Debug|Win32
		{53C0CD36-AEF4-4E89-9605-E9CF93DC7D9D}.Release|x64.ActiveCfg = Release|x64
		{53C0CD36-AEF4-4E89-9605-E9CF93DC7D9D}.Release|x64.Build.0 = Release|x64
		{53C0CD36-AEF4-4E89-9605-E9CF93DC7D9D}.Release|x86.ActiveCfg = Release|Win32
		{53C0CD36-AEF4-4E89-9605-E9CF93DC7D9D}.Release|x86.Build.0 = Release|Win32
	EndGlobalSection
	GlobalSection(SolutionProperties) = preSolution
		HideSolutionNode = FALSE
	EndGlobalSection
	GlobalSection(ExtensibilityGlobals) = postSolution
		SolutionGuid = {4F7C138C-96F2-45C8-B4BE-E97CC0EC7394}
	EndGlobalSection
EndGlobal
